
Microsoft Visual Studio Solution File, Format Version 12.00
# Visual Studio Version 17
VisualStudioVersion = 17.5.33530.505
MinimumVisualStudioVersion = 10.0.40219.1
Project("{8BC9CEB8-8B4A-11D0-8D11-00A0C91BC942}") = "Igra", "Igra\Igra.vcxproj", "{EAE6671D-83E4-4BD3-A7E7-7BE045729713}"
EndProject
Project("{8BC9CEB8-8B4A-11D0-8D11-00A0C91BC942}") = "Blndr", "Blndr\Blndr.vcxproj", "{11EECE0B-2CB3-448D-983E-B62E27655E97}"
EndProject
Project("{8BC9CEB8-8B4A-11D0-8D11-00A0C91BC942}") = "glfw", "glfw_build\src\glfw.vcxproj", "{46DEEB82-31A9-3ECD-94D8-B90996356334}"
EndProject
Project("{8BC9CEB8-8B4A-11D0-8D11-00A0C91BC942}") = "glad", "glad\glad.vcxproj", "{DED6B666-94E5-473B-B61B-C685B38E04D6}"
EndProject
Project("{8BC9CEB8-8B4A-11D0-8D11-00A0C91BC942}") = "stbi", "stbi\stbi.vcxproj", "{62728A36-8A32-4CC9-863B-F6D787BA7F57}"
EndProject
Global
	GlobalSection(SolutionConfigurationPlatforms) = preSolution
		Debug|x64 = Debug|x64
		Debug|x86 = Debug|x86
		MinSizeRel|x64 = MinSizeRel|x64
		MinSizeRel|x86 = MinSizeRel|x86
		Release|x64 = Release|x64
		Release|x86 = Release|x86
		RelWithDebInfo|x64 = RelWithDebInfo|x64
		RelWithDebInfo|x86 = RelWithDebInfo|x86
	EndGlobalSection
	GlobalSection(ProjectConfigurationPlatforms) = postSolution
		{EAE6671D-83E4-4BD3-A7E7-7BE045729713}.Debug|x64.ActiveCfg = Debug|x64
		{EAE6671D-83E4-4BD3-A7E7-7BE045729713}.Debug|x64.Build.0 = Debug|x64
		{EAE6671D-83E4-4BD3-A7E7-7BE045729713}.Debug|x86.ActiveCfg = Debug|Win32
		{EAE6671D-83E4-4BD3-A7E7-7BE045729713}.Debug|x86.Build.0 = Debug|Win32
		{EAE6671D-83E4-4BD3-A7E7-7BE045729713}.MinSizeRel|x64.ActiveCfg = Release|x64
		{EAE6671D-83E4-4BD3-A7E7-7BE045729713}.MinSizeRel|x64.Build.0 = Release|x64
		{EAE6671D-83E4-4BD3-A7E7-7BE045729713}.MinSizeRel|x86.ActiveCfg = Debug|Win32
		{EAE6671D-83E4-4BD3-A7E7-7BE045729713}.MinSizeRel|x86.Build.0 = Debug|Win32
		{EAE6671D-83E4-4BD3-A7E7-7BE045729713}.Release|x64.ActiveCfg = Release|x64
		{EAE6671D-83E4-4BD3-A7E7-7BE045729713}.Release|x64.Build.0 = Release|x64
		{EAE6671D-83E4-4BD3-A7E7-7BE045729713}.Release|x86.ActiveCfg = Release|Win32
		{EAE6671D-83E4-4BD3-A7E7-7BE045729713}.Release|x86.Build.0 = Release|Win32
		{EAE6671D-83E4-4BD3-A7E7-7BE045729713}.RelWithDebInfo|x64.ActiveCfg = Release|x64
		{EAE6671D-83E4-4BD3-A7E7-7BE045729713}.RelWithDebInfo|x64.Build.0 = Release|x64
		{EAE6671D-83E4-4BD3-A7E7-7BE045729713}.RelWithDebInfo|x86.ActiveCfg = Release|Win32
		{EAE6671D-83E4-4BD3-A7E7-7BE045729713}.RelWithDebInfo|x86.Build.0 = Release|Win32
		{11EECE0B-2CB3-448D-983E-B62E27655E97}.Debug|x64.ActiveCfg = Debug|x64
		{11EECE0B-2CB3-448D-983E-B62E27655E97}.Debug|x64.Build.0 = Debug|x64
		{11EECE0B-2CB3-448D-983E-B62E27655E97}.Debug|x86.ActiveCfg = Debug|Win32
		{11EECE0B-2CB3-448D-983E-B62E27655E97}.Debug|x86.Build.0 = Debug|Win32
		{11EECE0B-2CB3-448D-983E-B62E27655E97}.MinSizeRel|x64.ActiveCfg = Debug|x64
		{11EECE0B-2CB3-448D-983E-B62E27655E97}.MinSizeRel|x64.Build.0 = Debug|x64
		{11EECE0B-2CB3-448D-983E-B62E27655E97}.MinSizeRel|x86.ActiveCfg = Debug|Win32
		{11EECE0B-2CB3-448D-983E-B62E27655E97}.MinSizeRel|x86.Build.0 = Debug|Win32
		{11EECE0B-2CB3-448D-983E-B62E27655E97}.Release|x64.ActiveCfg = Release|x64
		{11EECE0B-2CB3-448D-983E-B62E27655E97}.Release|x64.Build.0 = Release|x64
		{11EECE0B-2CB3-448D-983E-B62E27655E97}.Release|x86.ActiveCfg = Release|Win32
		{11EECE0B-2CB3-448D-983E-B62E27655E97}.Release|x86.Build.0 = Release|Win32
		{11EECE0B-2CB3-448D-983E-B62E27655E97}.RelWithDebInfo|x64.ActiveCfg = Release|x64
		{11EECE0B-2CB3-448D-983E-B62E27655E97}.RelWithDebInfo|x64.Build.0 = Release|x64
		{11EECE0B-2CB3-448D-983E-B62E27655E97}.RelWithDebInfo|x86.ActiveCfg = Release|Win32
		{11EECE0B-2CB3-448D-983E-B62E27655E97}.RelWithDebInfo|x86.Build.0 = Release|Win32
		{46DEEB82-31A9-3ECD-94D8-B90996356334}.Debug|x64.ActiveCfg = Debug|x64
		{46DEEB82-31A9-3ECD-94D8-B90996356334}.Debug|x64.Build.0 = Debug|x64
		{46DEEB82-31A9-3ECD-94D8-B90996356334}.Debug|x86.ActiveCfg = Debug|x64
		{46DEEB82-31A9-3ECD-94D8-B90996356334}.Debug|x86.Build.0 = Debug|x64
		{46DEEB82-31A9-3ECD-94D8-B90996356334}.MinSizeRel|x64.ActiveCfg = MinSizeRel|x64
		{46DEEB82-31A9-3ECD-94D8-B90996356334}.MinSizeRel|x64.Build.0 = MinSizeRel|x64
		{46DEEB82-31A9-3ECD-94D8-B90996356334}.MinSizeRel|x86.ActiveCfg = MinSizeRel|x64
		{46DEEB82-31A9-3ECD-94D8-B90996356334}.MinSizeRel|x86.Build.0 = MinSizeRel|x64
		{46DEEB82-31A9-3ECD-94D8-B90996356334}.Release|x64.ActiveCfg = Release|x64
		{46DEEB82-31A9-3ECD-94D8-B90996356334}.Release|x64.Build.0 = Release|x64
		{46DEEB82-31A9-3ECD-94D8-B90996356334}.Release|x86.ActiveCfg = Release|x64
		{46DEEB82-31A9-3ECD-94D8-B90996356334}.Release|x86.Build.0 = Release|x64
		{46DEEB82-31A9-3ECD-94D8-B90996356334}.RelWithDebInfo|x64.ActiveCfg = RelWithDebInfo|x64
		{46DEEB82-31A9-3ECD-94D8-B90996356334}.RelWithDebInfo|x64.Build.0 = RelWithDebInfo|x64
		{46DEEB82-31A9-3ECD-94D8-B90996356334}.RelWithDebInfo|x86.ActiveCfg = RelWithDebInfo|x64
		{46DEEB82-31A9-3ECD-94D8-B90996356334}.RelWithDebInfo|x86.Build.0 = RelWithDebInfo|x64
		{DED6B666-94E5-473B-B61B-C685B38E04D6}.Debug|x64.ActiveCfg = Debug|x64
		{DED6B666-94E5-473B-B61B-C685B38E04D6}.Debug|x64.Build.0 = Debug|x64
		{DED6B666-94E5-473B-B61B-C685B38E04D6}.Debug|x86.ActiveCfg = Debug|Win32
		{DED6B666-94E5-473B-B61B-C685B38E04D6}.Debug|x86.Build.0 = Debug|Win32
		{DED6B666-94E5-473B-B61B-C685B38E04D6}.MinSizeRel|x64.ActiveCfg = Debug|x64
		{DED6B666-94E5-473B-B61B-C685B38E04D6}.MinSizeRel|x64.Build.0 = Debug|x64
		{DED6B666-94E5-473B-B61B-C685B38E04D6}.MinSizeRel|x86.ActiveCfg = Debug|Win32
		{DED6B666-94E5-473B-B61B-C685B38E04D6}.MinSizeRel|x86.Build.0 = Debug|Win32
		{DED6B666-94E5-473B-B61B-C685B38E04D6}.Release|x64.ActiveCfg = Release|x64
		{DED6B666-94E5-473B-B61B-C685B38E04D6}.Release|x64.Build.0 = Release|x64
		{DED6B666-94E5-473B-B61B-C685B38E04D6}.Release|x86.ActiveCfg = Release|Win32
		{DED6B666-94E5-473B-B61B-C685B38E04D6}.Release|x86.Build.0 = Release|Win32
		{DED6B666-94E5-473B-B61B-C685B38E04D6}.RelWithDebInfo|x64.ActiveCfg = Release|x64
		{DED6B666-94E5-473B-B61B-C685B38E04D6}.RelWithDebInfo|x64.Build.0 = Release|x64
		{DED6B666-94E5-473B-B61B-C685B38E04D6}.RelWithDebInfo|x86.ActiveCfg = Release|Win32
		{DED6B666-94E5-473B-B61B-C685B38E04D6}.RelWithDebInfo|x86.Build.0 = Release|Win32
		{62728A36-8A32-4CC9-863B-F6D787BA7F57}.Debug|x64.ActiveCfg = Debug|x64
		{62728A36-8A32-4CC9-863B-F6D787BA7F57}.Debug|x64.Build.0 = Debug|x64
		{62728A36-8A32-4CC9-863B-F6D787BA7F57}.Debug|x86.ActiveCfg = Debug|Win32
		{62728A36-8A32-4CC9-863B-F6D787BA7F57}.Debug|x86.Build.0 = Debug|Win32
		{62728A36-8A32-4CC9-863B-F6D787BA7F57}.MinSizeRel|x64.ActiveCfg = Debug|x64
		{62728A36-8A32-4CC9-863B-F6D787BA7F57}.MinSizeRel|x64.Build.0 = Debug|x64
		{62728A36-8A32-4CC9-863B-F6D787BA7F57}.MinSizeRel|x86.ActiveCfg = Debug|Win32
		{62728A36-8A32-4CC9-863B-F6D787BA7F57}.MinSizeRel|x86.Build.0 = Debug|Win32
		{62728A36-8A32-4CC9-863B-F6D787BA7F57}.Release|x64.ActiveCfg = Release|x64
		{62728A36-8A32-4CC9-863B-F6D787BA7F57}.Release|x64.Build.0 = Release|x64
		{62728A36-8A32-4CC9-863B-F6D787BA7F57}.Release|x86.ActiveCfg = Release|Win32
		{62728A36-8A32-4CC9-863B-F6D787BA7F57}.Release|x86.Build.0 = Release|Win32
		{62728A36-8A32-4CC9-863B-F6D787BA7F57}.RelWithDebInfo|x64.ActiveCfg = Release|x64
		{62728A36-8A32-4CC9-863B-F6D787BA7F57}.RelWithDebInfo|x64.Build.0 = Release|x64
		{62728A36-8A32-4CC9-863B-F6D787BA7F57}.RelWithDebInfo|x86.ActiveCfg = Release|Win32
		{62728A36-8A32-4CC9-863B-F6D787BA7F57}.RelWithDebInfo|x86.Build.0 = Release|Win32
	EndGlobalSection
	GlobalSection(SolutionProperties) = preSolution
		HideSolutionNode = FALSE
	EndGlobalSection
	GlobalSection(ExtensibilityGlobals) = postSolution
		SolutionGuid = {259F9FC6-151D-49DD-BD0D-23729029F9F0}
	EndGlobalSection
EndGlobal
