
Microsoft Visual Studio Solution File, Format Version 12.00
# Visual Studio Version 17
VisualStudioVersion = 17.5.33530.505
MinimumVisualStudioVersion = 10.0.40219.1
Project("{8BC9CEB8-8B4A-11D0-8D11-00A0C91BC942}") = "Igra", "Igra\Igra.vcxproj", "{EAE6671D-83E4-4BD3-A7E7-7BE045729713}"
EndProject
Project("{8BC9CEB8-8B4A-11D0-8D11-00A0C91BC942}") = "Blndr", "Blndr\Blndr.vcxproj", "{11EECE0B-2CB3-448D-983E-B62E27655E97}"
EndProject
Global
	GlobalSection(SolutionConfigurationPlatforms) = preSolution
		Debug|x64 = Debug|x64
		Debug|x86 = Debug|x86
		Release|x64 = Release|x64
		Release|x86 = Release|x86
	EndGlobalSection
	GlobalSection(ProjectConfigurationPlatforms) = postSolution
		{EAE6671D-83E4-4BD3-A7E7-7BE045729713}.Debug|x64.ActiveCfg = Debug|x64
		{EAE6671D-83E4-4BD3-A7E7-7BE045729713}.Debug|x64.Build.0 = Debug|x64
		{EAE6671D-83E4-4BD3-A7E7-7BE045729713}.Debug|x86.ActiveCfg = Debug|Win32
		{EAE6671D-83E4-4BD3-A7E7-7BE045729713}.Debug|x86.Build.0 = Debug|Win32
		{EAE6671D-83E4-4BD3-A7E7-7BE045729713}.Release|x64.ActiveCfg = Release|x64
		{EAE6671D-83E4-4BD3-A7E7-7BE045729713}.Release|x64.Build.0 = Release|x64
		{EAE6671D-83E4-4BD3-A7E7-7BE045729713}.Release|x86.ActiveCfg = Release|Win32
		{EAE6671D-83E4-4BD3-A7E7-7BE045729713}.Release|x86.Build.0 = Release|Win32
		{11EECE0B-2CB3-448D-983E-B62E27655E97}.Debug|x64.ActiveCfg = Debug|x64
		{11EECE0B-2CB3-448D-983E-B62E27655E97}.Debug|x64.Build.0 = Debug|x64
		{11EECE0B-2CB3-448D-983E-B62E27655E97}.Debug|x86.ActiveCfg = Debug|Win32
		{11EECE0B-2CB3-448D-983E-B62E27655E97}.Debug|x86.Build.0 = Debug|Win32
		{11EECE0B-2CB3-448D-983E-B62E27655E97}.Release|x64.ActiveCfg = Release|x64
		{11EECE0B-2CB3-448D-983E-B62E27655E97}.Release|x64.Build.0 = Release|x64
		{11EECE0B-2CB3-448D-983E-B62E27655E97}.Release|x86.ActiveCfg = Release|Win32
		{11EECE0B-2CB3-448D-983E-B62E27655E97}.Release|x86.Build.0 = Release|Win32
	EndGlobalSection
	GlobalSection(SolutionProperties) = preSolution
		HideSolutionNode = FALSE
	EndGlobalSection
	GlobalSection(ExtensibilityGlobals) = postSolution
		SolutionGuid = {259F9FC6-151D-49DD-BD0D-23729029F9F0}
	EndGlobalSection
EndGlobal
